<?xml version="1.0" encoding="UTF-8"?>
<CodeBlocks_project_file>
	<FileVersion major="1" minor="6"/>
	<Project>
		<Option title="camera_controller"/>
		<Option makefile_is_custom="1"/>
		<Option compiler="gcc"/>
		<Option virtualFolders="CMake Files\;CMake Files\..\;CMake Files\..\..\;CMake Files\..\..\..\;CMake Files\..\..\..\..\;CMake Files\..\..\..\..\..\;CMake Files\..\..\..\..\..\..\;CMake Files\..\..\..\..\..\..\usr\;CMake Files\..\..\..\..\..\..\usr\local\;CMake Files\..\..\..\..\..\..\usr\local\share\;CMake Files\..\..\..\..\..\..\usr\local\share\eigen3\;CMake Files\..\..\..\..\..\..\usr\local\share\eigen3\cmake\;CMake Files\..\..\..\..\..\..\usr\lib\;CMake Files\..\..\..\..\..\..\usr\lib\x86_64-linux-gnu\;CMake Files\..\..\..\..\..\..\usr\lib\x86_64-linux-gnu\cmake\;CMake Files\..\..\..\..\..\..\usr\lib\x86_64-linux-gnu\cmake\yaml-cpp\;"/>
		<Build>
			<Target title="all">
				<Option working_dir="/home/david/webots/synthetic_data/controllers/camera_controller"/>
				<Option type="4"/>
				<MakeCommands>
					<Build command="/usr/bin/make -j12 -f &quot;/home/david/webots/synthetic_data/controllers/camera_controller/Makefile&quot;  VERBOSE=1 all"/>
					<CompileFile command="/usr/bin/make -j12 -f &quot;/home/david/webots/synthetic_data/controllers/camera_controller/Makefile&quot;  VERBOSE=1 &quot;$file&quot;"/>
					<Clean command="/usr/bin/make -j12 -f &quot;/home/david/webots/synthetic_data/controllers/camera_controller/Makefile&quot;  VERBOSE=1 clean"/>
					<DistClean command="/usr/bin/make -j12 -f &quot;/home/david/webots/synthetic_data/controllers/camera_controller/Makefile&quot;  VERBOSE=1 clean"/>
				</MakeCommands>
			</Target>
			<Target title="rebuild_cache">
				<Option working_dir="/home/david/webots/synthetic_data/controllers/camera_controller"/>
				<Option type="4"/>
				<MakeCommands>
					<Build command="/usr/bin/make -j12 -f &quot;/home/david/webots/synthetic_data/controllers/camera_controller/Makefile&quot;  VERBOSE=1 rebuild_cache"/>
					<CompileFile command="/usr/bin/make -j12 -f &quot;/home/david/webots/synthetic_data/controllers/camera_controller/Makefile&quot;  VERBOSE=1 &quot;$file&quot;"/>
					<Clean command="/usr/bin/make -j12 -f &quot;/home/david/webots/synthetic_data/controllers/camera_controller/Makefile&quot;  VERBOSE=1 clean"/>
					<DistClean command="/usr/bin/make -j12 -f &quot;/home/david/webots/synthetic_data/controllers/camera_controller/Makefile&quot;  VERBOSE=1 clean"/>
				</MakeCommands>
			</Target>
			<Target title="camera_controller">
				<Option output="/home/david/webots/synthetic_data/controllers/camera_controller/camera_controller" prefix_auto="0" extension_auto="0"/>
				<Option working_dir="/home/david/webots/synthetic_data/controllers/camera_controller"/>
				<Option object_output="./"/>
				<Option type="1"/>
				<Option compiler="gcc"/>
				<Compiler>
					<Add directory="/usr/local/webots/include/controller/c"/>
					<Add directory="/usr/local/webots/include/controller/cpp"/>
					<Add directory="/home/david/webots/synthetic_data/controllers/camera_controller/include"/>
					<Add directory="/usr/include/c++/7"/>
					<Add directory="/usr/include/x86_64-linux-gnu/c++/7"/>
					<Add directory="/usr/include/c++/7/backward"/>
					<Add directory="/usr/lib/gcc/x86_64-linux-gnu/7/include"/>
					<Add directory="/usr/local/include"/>
					<Add directory="/usr/lib/gcc/x86_64-linux-gnu/7/include-fixed"/>
					<Add directory="/usr/include/x86_64-linux-gnu"/>
					<Add directory="/usr/include"/>
				</Compiler>
				<MakeCommands>
					<Build command="/usr/bin/make -j12 -f &quot;/home/david/webots/synthetic_data/controllers/camera_controller/Makefile&quot;  VERBOSE=1 camera_controller"/>
					<CompileFile command="/usr/bin/make -j12 -f &quot;/home/david/webots/synthetic_data/controllers/camera_controller/Makefile&quot;  VERBOSE=1 &quot;$file&quot;"/>
					<Clean command="/usr/bin/make -j12 -f &quot;/home/david/webots/synthetic_data/controllers/camera_controller/Makefile&quot;  VERBOSE=1 clean"/>
					<DistClean command="/usr/bin/make -j12 -f &quot;/home/david/webots/synthetic_data/controllers/camera_controller/Makefile&quot;  VERBOSE=1 clean"/>
				</MakeCommands>
			</Target>
			<Target title="camera_controller/fast">
				<Option output="/home/david/webots/synthetic_data/controllers/camera_controller/camera_controller" prefix_auto="0" extension_auto="0"/>
				<Option working_dir="/home/david/webots/synthetic_data/controllers/camera_controller"/>
				<Option object_output="./"/>
				<Option type="1"/>
				<Option compiler="gcc"/>
				<Compiler>
					<Add directory="/usr/local/webots/include/controller/c"/>
					<Add directory="/usr/local/webots/include/controller/cpp"/>
					<Add directory="/home/david/webots/synthetic_data/controllers/camera_controller/include"/>
					<Add directory="/usr/include/c++/7"/>
					<Add directory="/usr/include/x86_64-linux-gnu/c++/7"/>
					<Add directory="/usr/include/c++/7/backward"/>
					<Add directory="/usr/lib/gcc/x86_64-linux-gnu/7/include"/>
					<Add directory="/usr/local/include"/>
					<Add directory="/usr/lib/gcc/x86_64-linux-gnu/7/include-fixed"/>
					<Add directory="/usr/include/x86_64-linux-gnu"/>
					<Add directory="/usr/include"/>
				</Compiler>
				<MakeCommands>
					<Build command="/usr/bin/make -j12 -f &quot;/home/david/webots/synthetic_data/controllers/camera_controller/Makefile&quot;  VERBOSE=1 camera_controller/fast"/>
					<CompileFile command="/usr/bin/make -j12 -f &quot;/home/david/webots/synthetic_data/controllers/camera_controller/Makefile&quot;  VERBOSE=1 &quot;$file&quot;"/>
					<Clean command="/usr/bin/make -j12 -f &quot;/home/david/webots/synthetic_data/controllers/camera_controller/Makefile&quot;  VERBOSE=1 clean"/>
					<DistClean command="/usr/bin/make -j12 -f &quot;/home/david/webots/synthetic_data/controllers/camera_controller/Makefile&quot;  VERBOSE=1 clean"/>
				</MakeCommands>
			</Target>
			<Target title="edit_cache">
				<Option working_dir="/home/david/webots/synthetic_data/controllers/camera_controller"/>
				<Option type="4"/>
				<MakeCommands>
					<Build command="/usr/bin/make -j12 -f &quot;/home/david/webots/synthetic_data/controllers/camera_controller/Makefile&quot;  VERBOSE=1 edit_cache"/>
					<CompileFile command="/usr/bin/make -j12 -f &quot;/home/david/webots/synthetic_data/controllers/camera_controller/Makefile&quot;  VERBOSE=1 &quot;$file&quot;"/>
					<Clean command="/usr/bin/make -j12 -f &quot;/home/david/webots/synthetic_data/controllers/camera_controller/Makefile&quot;  VERBOSE=1 clean"/>
					<DistClean command="/usr/bin/make -j12 -f &quot;/home/david/webots/synthetic_data/controllers/camera_controller/Makefile&quot;  VERBOSE=1 clean"/>
				</MakeCommands>
			</Target>
		</Build>
		<Unit filename="/home/david/webots/synthetic_data/controllers/camera_controller/src/camera_controller.cpp">
			<Option target="camera_controller"/>
		</Unit>
		<Unit filename="/home/david/webots/synthetic_data/controllers/camera_controller/src/camera_utils.cpp">
			<Option target="camera_controller"/>
		</Unit>
		<Unit filename="/home/david/webots/synthetic_data/controllers/camera_controller/src/object.cpp">
			<Option target="camera_controller"/>
		</Unit>
		<Unit filename="/home/david/webots/synthetic_data/controllers/camera_controller/src/supervisor_node.cpp">
			<Option target="camera_controller"/>
		</Unit>
		<Unit filename="/home/david/webots/synthetic_data/controllers/camera_controller/src/transform_utils.cpp">
			<Option target="camera_controller"/>
		</Unit>
		<Unit filename="/home/david/webots/synthetic_data/controllers/camera_controller/CMakeLists.txt">
			<Option virtualFolder="CMake Files\"/>
		</Unit>
		<Unit filename="/home/david/webots/synthetic_data/controllers/camera_controller/../../../../../../usr/local/share/eigen3/cmake/Eigen3Config.cmake">
			<Option virtualFolder="CMake Files\..\..\..\..\..\..\usr\local\share\eigen3\cmake\"/>
		</Unit>
		<Unit filename="/home/david/webots/synthetic_data/controllers/camera_controller/../../../../../../usr/local/share/eigen3/cmake/Eigen3ConfigVersion.cmake">
			<Option virtualFolder="CMake Files\..\..\..\..\..\..\usr\local\share\eigen3\cmake\"/>
		</Unit>
		<Unit filename="/home/david/webots/synthetic_data/controllers/camera_controller/../../../../../../usr/local/share/eigen3/cmake/Eigen3Targets.cmake">
			<Option virtualFolder="CMake Files\..\..\..\..\..\..\usr\local\share\eigen3\cmake\"/>
		</Unit>
		<Unit filename="/home/david/webots/synthetic_data/controllers/camera_controller/../../../../../../usr/lib/x86_64-linux-gnu/cmake/yaml-cpp/yaml-cpp-config-version.cmake">
			<Option virtualFolder="CMake Files\..\..\..\..\..\..\usr\lib\x86_64-linux-gnu\cmake\yaml-cpp\"/>
		</Unit>
		<Unit filename="/home/david/webots/synthetic_data/controllers/camera_controller/../../../../../../usr/lib/x86_64-linux-gnu/cmake/yaml-cpp/yaml-cpp-config.cmake">
			<Option virtualFolder="CMake Files\..\..\..\..\..\..\usr\lib\x86_64-linux-gnu\cmake\yaml-cpp\"/>
		</Unit>
		<Unit filename="/home/david/webots/synthetic_data/controllers/camera_controller/../../../../../../usr/lib/x86_64-linux-gnu/cmake/yaml-cpp/yaml-cpp-targets-release.cmake">
			<Option virtualFolder="CMake Files\..\..\..\..\..\..\usr\lib\x86_64-linux-gnu\cmake\yaml-cpp\"/>
		</Unit>
		<Unit filename="/home/david/webots/synthetic_data/controllers/camera_controller/../../../../../../usr/lib/x86_64-linux-gnu/cmake/yaml-cpp/yaml-cpp-targets.cmake">
			<Option virtualFolder="CMake Files\..\..\..\..\..\..\usr\lib\x86_64-linux-gnu\cmake\yaml-cpp\"/>
		</Unit>
	</Project>
</CodeBlocks_project_file>
